
Microsoft Visual Studio Solution File, Format Version 12.00
# Visual Studio Version 17
VisualStudioVersion = 17.2.32526.322
MinimumVisualStudioVersion = 10.0.40219.1
Project("{FAE04EC0-301F-11D3-BF4B-00C04F79EFBC}") = "efapp", "efapp\efapp.csproj", "{5148DFD2-6814-4EB9-8A6F-7A03C14707A2}"
EndProject
Global
	GlobalSection(SolutionConfigurationPlatforms) = preSolution
		Debug|Any CPU = Debug|Any CPU
		Release|Any CPU = Release|Any CPU
	EndGlobalSection
	GlobalSection(ProjectConfigurationPlatforms) = postSolution
		{5148DFD2-6814-4EB9-8A6F-7A03C14707A2}.Debug|Any CPU.ActiveCfg = Debug|Any CPU
		{5148DFD2-6814-4EB9-8A6F-7A03C14707A2}.Debug|Any CPU.Build.0 = Debug|Any CPU
		{5148DFD2-6814-4EB9-8A6F-7A03C14707A2}.Release|Any CPU.ActiveCfg = Release|Any CPU
		{5148DFD2-6814-4EB9-8A6F-7A03C14707A2}.Release|Any CPU.Build.0 = Release|Any CPU
	EndGlobalSection
	GlobalSection(SolutionProperties) = preSolution
		HideSolutionNode = FALSE
	EndGlobalSection
	GlobalSection(ExtensibilityGlobals) = postSolution
		SolutionGuid = {127CECC2-62AE-4794-BE47-A9C7E9AC1660}
	EndGlobalSection
EndGlobal
